{
    "_readme": [
        "This file locks the dependencies of your project to a known state",
        "Read more about it at https://getcomposer.org/doc/01-basic-usage.md#installing-dependencies",
        "This file is @generated automatically"
    ],
    "content-hash": "b8b2fd6faa1e61cc07cd06a05f0eb849",
    "packages": [
        {
            "name": "easytransac/easytransac-sdk-php",
            "version": "1.2.1",
            "source": {
                "type": "git",
                "url": "https://github.com/easytransac/easytransac-sdk-php.git",
                "reference": "b5992f699f9865a238027865eae67e1a5ae023a8"
            },
            "dist": {
                "type": "zip",
                "url": "https://api.github.com/repos/easytransac/easytransac-sdk-php/zipball/b5992f699f9865a238027865eae67e1a5ae023a8",
                "reference": "b5992f699f9865a238027865eae67e1a5ae023a8",
                "shasum": ""
            },
            "require": {
                "php": ">=5.5"
            },
            "type": "library",
            "autoload": {
                "psr-4": {
                    "EasyTransac\\": "sdk/EasyTransac/"
                }
            },
            "notification-url": "https://packagist.org/downloads/",
            "description": "A SDK to make payment with the EasyTransac API",
            "support": {
                "issues": "https://github.com/easytransac/easytransac-sdk-php/issues",
                "source": "https://github.com/easytransac/easytransac-sdk-php/tree/1.2.1"
            },
            "time": "2020-12-07T09:28:26+00:00"
        }
    ],
    "packages-dev": [],
    "aliases": [],
    "minimum-stability": "stable",
    "stability-flags": [],
    "prefer-stable": false,
    "prefer-lowest": false,
    "platform": [],
    "platform-dev": [],
    "plugin-api-version": "2.0.0"
}
